<?xml version="1.0" encoding="utf-8"?>
<Project ToolsVersion="4.0" xmlns="http://schemas.microsoft.com/developer/msbuild/2003">
  <ItemGroup>
    <Filter Include="Source Files">
      <UniqueIdentifier>{4FC737F1-C7A5-4376-A066-2A32D752A2FF}</UniqueIdentifier>
      <Extensions>cpp;c;cc;cxx;c++;cppm;ixx;def;odl;idl;hpj;bat;asm;asmx</Extensions>
    </Filter>
    <Filter Include="Header Files">
      <UniqueIdentifier>{93995380-89BD-4b04-88EB-625FBE52EBFB}</UniqueIdentifier>
      <Extensions>h;hh;hpp;hxx;h++;hm;inl;inc;ipp;xsd</Extensions>
    </Filter>
    <Filter Include="Resource Files">
      <UniqueIdentifier>{67DA6AB6-F800-4c08-8B7A-83BB121AAD01}</UniqueIdentifier>
      <Extensions>rc;ico;cur;bmp;dlg;rc2;rct;bin;rgs;gif;jpg;jpeg;jpe;resx;tiff;tif;png;wav;mfcribbon-ms</Extensions>
    </Filter>
    <Filter Include="Libraries">
      <UniqueIdentifier>{7e29d2c9-4967-4ad5-b207-2261ff506958}</UniqueIdentifier>
    </Filter>
  </ItemGroup>
  <ItemGroup>
    <ClCompile Include="buttons.c">
      <Filter>Source Files</Filter>
    </ClCompile>
    <ClCompile Include="color.c">
      <Filter>Source Files</Filter>
    </ClCompile>
    <ClCompile Include="game.c">
      <Filter>Source Files</Filter>
    </ClCompile>
    <ClCompile Include="game_manager.c">
      <Filter>Source Files</Filter>
    </ClCompile>
    <ClCompile Include="graphics_impl_sdl.c">
      <Filter>Source Files</Filter>
    </ClCompile>
    <ClCompile Include="input_system.c">
      <Filter>Source Files</Filter>
    </ClCompile>
    <ClCompile Include="list.c">
      <Filter>Source Files</Filter>
    </ClCompile>
    <ClCompile Include="load_file_data.c">
      <Filter>Source Files</Filter>
    </ClCompile>
    <ClCompile Include="my_malloc.c">
      <Filter>Source Files</Filter>
    </ClCompile>
    <ClCompile Include="main.c">
      <Filter>Source Files</Filter>
    </ClCompile>
    <ClCompile Include="object.c">
      <Filter>Source Files</Filter>
    </ClCompile>
    <ClCompile Include="program_events.c">
      <Filter>Source Files</Filter>
    </ClCompile>
    <ClCompile Include="vec2.c">
      <Filter>Source Files</Filter>
    </ClCompile>
  </ItemGroup>
  <ItemGroup>
    <ClInclude Include="buffer_size.h">
      <Filter>Header Files</Filter>
    </ClInclude>
    <ClInclude Include="buttons.h">
      <Filter>Header Files</Filter>
    </ClInclude>
    <ClInclude Include="color.h">
      <Filter>Header Files</Filter>
    </ClInclude>
    <ClInclude Include="game.h">
      <Filter>Header Files</Filter>
    </ClInclude>
    <ClInclude Include="game_manager.h">
      <Filter>Header Files</Filter>
    </ClInclude>
    <ClInclude Include="graphics.h">
      <Filter>Header Files</Filter>
    </ClInclude>
    <ClInclude Include="input_system.h">
      <Filter>Header Files</Filter>
    </ClInclude>
    <ClInclude Include="input_system_internal.h">
      <Filter>Header Files</Filter>
    </ClInclude>
    <ClInclude Include="list.h">
      <Filter>Header Files</Filter>
    </ClInclude>
    <ClInclude Include="load_file_data.h">
      <Filter>Header Files</Filter>
    </ClInclude>
    <ClInclude Include="my_malloc.h">
      <Filter>Header Files</Filter>
    </ClInclude>
    <ClInclude Include="object.h">
      <Filter>Header Files</Filter>
    </ClInclude>
    <ClInclude Include="program_events.h">
      <Filter>Header Files</Filter>
    </ClInclude>
    <ClInclude Include="vec2.h">
      <Filter>Header Files</Filter>
    </ClInclude>
  </ItemGroup>
  <ItemGroup>
    <CopyFileToFolders Include="libraries\SDL2_ttf-2.0.14\lib\x64\libfreetype-6.dll">
      <Filter>Libraries</Filter>
    </CopyFileToFolders>
    <CopyFileToFolders Include="resources\common five letters words.txt">
      <Filter>Resource Files</Filter>
    </CopyFileToFolders>
    <CopyFileToFolders Include="resources\board_letter_cell.png">
      <Filter>Resource Files</Filter>
    </CopyFileToFolders>
    <CopyFileToFolders Include="libraries\SDL2\lib\x64\SDL2.dll" />
    <CopyFileToFolders Include="libraries\SDL2_image-2.0.1\lib\x64\libjpeg-9.dll" />
    <CopyFileToFolders Include="libraries\SDL2_image-2.0.1\lib\x64\libpng16-16.dll" />
    <CopyFileToFolders Include="libraries\SDL2_image-2.0.1\lib\x64\libtiff-5.dll" />
    <CopyFileToFolders Include="libraries\SDL2_image-2.0.1\lib\x64\libwebp-4.dll" />
    <CopyFileToFolders Include="libraries\SDL2_image-2.0.1\lib\x64\SDL2_image.dll" />
    <CopyFileToFolders Include="libraries\SDL2_image-2.0.1\lib\x64\zlib1.dll" />
    <CopyFileToFolders Include="libraries\SDL2_ttf-2.0.14\lib\x64\SDL2_ttf.dll" />
    <CopyFileToFolders Include="libraries\SDL2_ttf-2.0.14\lib\x64\zlib1.dll" />
    <CopyFileToFolders Include="resources\on_screen_key_background.png">
      <Filter>Resource Files</Filter>
    </CopyFileToFolders>
    <CopyFileToFolders Include="resources\restart_button.png">
      <Filter>Resource Files</Filter>
    </CopyFileToFolders>
    <CopyFileToFolders Include="resources\transparent_background.png">
      <Filter>Resource Files</Filter>
    </CopyFileToFolders>
    <CopyFileToFolders Include="resources\MontserratAlternates-Black.otf" />
    <CopyFileToFolders Include="resources\enter_symbol.png">
      <Filter>Resource Files</Filter>
    </CopyFileToFolders>
    <CopyFileToFolders Include="resources\delete_symbol.png">
      <Filter>Resource Files</Filter>
    </CopyFileToFolders>
  </ItemGroup>
  <ItemGroup>
    <Library Include="libraries\SDL2\lib\x64\SDL2.lib">
      <Filter>Libraries</Filter>
    </Library>
    <Library Include="libraries\SDL2\lib\x64\SDL2main.lib">
      <Filter>Libraries</Filter>
    </Library>
    <Library Include="libraries\SDL2\lib\x64\SDL2test.lib">
      <Filter>Libraries</Filter>
    </Library>
    <Library Include="libraries\SDL2_image-2.0.1\lib\x64\SDL2_image.lib">
      <Filter>Libraries</Filter>
    </Library>
    <Library Include="libraries\SDL2_ttf-2.0.14\lib\x64\SDL2_ttf.lib">
      <Filter>Libraries</Filter>
    </Library>
  </ItemGroup>
</Project>